# THIS IS AN AUTOGENERATED FILE. DO NOT EDIT THIS FILE DIRECTLY.
# yarn lockfile v1


"@types/marked@^5.0.1":
  version "5.0.2"
  resolved "https://r.cnpmjs.org/@types/marked/-/marked-5.0.2.tgz#ca6b0cd7a5c8799c8cd0963df0b3e1a9021dcdfa"
  integrity sha512-OucS4KMHhFzhz27KxmWg7J+kIYqyqoW5kdIEI319hqARQQUTqhao3M/F+uFnDXD0Rg72iDDZxZNxq5gvctmLlg==

"@types/node@^20.8.0":
  version "20.17.1"
  resolved "https://r.cnpmjs.org/@types/node/-/node-20.17.1.tgz#2b968e060dfb04b7f9550fe3db5f552721c14566"
  integrity sha512-j2VlPv1NnwPJbaCNv69FO/1z4lId0QmGvpT41YxitRtWlg96g/j8qcv2RKsLKe2F6OJgyXhupN1Xo17b2m139Q==
  dependencies:
    undici-types "~6.19.2"

highlight.js@^11.8.0:
  version "11.10.0"
  resolved "https://r.cnpmjs.org/highlight.js/-/highlight.js-11.10.0.tgz#6e3600dc4b33d6dc23d5bd94fbf72405f5892b92"
  integrity sha512-SYVnVFswQER+zu1laSya563s+F8VDGt7o35d4utbamowvUNLLMovFqwCLSocpZTz3MgaSRA1IbqRWZv97dtErQ==

marked@^9.1.0:
  version "9.1.6"
  resolved "https://r.cnpmjs.org/marked/-/marked-9.1.6.tgz#5d2a3f8180abfbc5d62e3258a38a1c19c0381695"
  integrity sha512-jcByLnIFkd5gSXZmjNvS1TlmRhCXZjIzHYlaGkPlLIekG55JDR2Z4va9tZwCiP+/RDERiNhMOFu01xd6O5ct1Q==

throttle-debounce@^3.0.1:
  version "3.0.1"
  resolved "https://r2.cnpmjs.org/throttle-debounce/-/throttle-debounce-3.0.1.tgz"
  integrity sha512-dTEWWNu6JmeVXY0ZYoPuH5cRIwc0MeGbJwah9KUNYSJwommQpCzTySTpEe8Gs1J23aeWEuAobe4Ag7EHVt/LOg==

undici-types@~6.19.2:
  version "6.19.8"
  resolved "https://r.cnpmjs.org/undici-types/-/undici-types-6.19.8.tgz#35111c9d1437ab83a7cdc0abae2f26d88eda0a02"
  integrity sha512-ve2KP6f/JnbPBFyobGHuerC9g1FYGn/F8n1LWTwNxCEzd6IfqTwUQcNXgEtmmQ6DlRrC1hrSrBnCZPokRrDHjw==

utools-api-types@^2.0.3:
  version "2.6.4"
  resolved "https://r.cnpmjs.org/utools-api-types/-/utools-api-types-2.6.4.tgz"
  integrity sha512-pJuGvjSScwePuc6F/PVtL6DSCm+XzF78CBKxFUU82FON4vB8MGDXPCp6Y/25T/ndKyiyFj1zCR8ObyxtdikzPg==

utools-helper@^2.2.0:
  version "2.2.0"
  resolved "https://r.cnpmjs.org/utools-helper/-/utools-helper-2.2.0.tgz#212925d33f65c8f19fd70353c0a4677090a74eea"
  integrity sha512-EnyxkRg35ajuK4GglxuL+bFUAwGv7gRZdnsC2zg5m4stFlxc7S+i5boLkA3IIiOKvBKvFi94BA+bLrnJ1x6saA==
  dependencies:
    throttle-debounce "^3.0.1"
