# THIS IS AN AUTOGENERATED FILE. DO NOT EDIT THIS FILE DIRECTLY.
# yarn lockfile v1


"@types/mousetrap@^1.6.3":
  version "1.6.15"
  resolved "https://r.cnpmjs.org/@types/mousetrap/-/mousetrap-1.6.15.tgz#f144a0c539a4cef553a631824651d48267e53c86"
  integrity sha512-qL0hyIMNPow317QWW/63RvL1x5MVMV+Ru3NaY9f/CuEpCqrmb7WeuK2071ZY5hczOnm38qExWM2i2WtkXLSqFw==

"@types/node@^15.12.4":
  version "15.14.9"
  resolved "https://r2.cnpmjs.org/@types/node/-/node-15.14.9.tgz#bc43c990c3c9be7281868bbc7b8fdd6e2b57adfa"
  integrity sha512-qjd88DrCxupx/kJD5yQgZdcYKZKSIGBVDIBE1/LTGcNm3d2Np/jxojkdePDdfnBHJc5W7vSMpbJ1aB7p/Py69A==

"@types/throttle-debounce@^2.1.0":
  version "2.1.0"
  resolved "https://r2.cnpmjs.org/@types/throttle-debounce/-/throttle-debounce-2.1.0.tgz#1c3df624bfc4b62f992d3012b84c56d41eab3776"
  integrity sha512-5eQEtSCoESnh2FsiLTxE121IiE60hnMqcb435fShf4bpLRjEu1Eoekht23y6zXS9Ts3l+Szu3TARnTsA0GkOkQ==

axios@^0.21.2:
  version "0.21.4"
  resolved "https://r2.cnpmjs.org/axios/-/axios-0.21.4.tgz#c67b90dc0568e5c1cf2b0b858c43ba28e2eda575"
  integrity sha512-ut5vewkiu8jjGBdqpM44XxjuCjq9LAKeHVmoVfHVzy8eHgxxq8SbAVQNovDA8mVi05kP0Ea/n/UzcSHcTJQfNg==
  dependencies:
    follow-redirects "^1.14.0"

follow-redirects@^1.14.0:
  version "1.15.9"
  resolved "https://r.cnpmjs.org/follow-redirects/-/follow-redirects-1.15.9.tgz#a604fa10e443bf98ca94228d9eebcc2e8a2c8ee1"
  integrity sha512-gew4GsXizNgdoRyqmyfMHyAmXsZDk6mHkSxZFCzW9gwlbtOW44CDtYavM+y+72qD/Vq2l550kMF52DT8fOLJqQ==

moment@^2.29.4:
  version "2.30.1"
  resolved "https://r.cnpmjs.org/moment/-/moment-2.30.1.tgz#f8c91c07b7a786e30c59926df530b4eac96974ae"
  integrity sha512-uEmtNhbDOrWPFS+hdjFCBfy9f2YoyzRpwcl+DqpC6taX21FzsTLQVbMV/W7PzNSX6x/bhC1zA3c2UQ5NzH6how==

mousetrap@^1.6.5:
  version "1.6.5"
  resolved "https://r2.cnpmjs.org/mousetrap/-/mousetrap-1.6.5.tgz#8a766d8c272b08393d5f56074e0b5ec183485bf9"
  integrity sha512-QNo4kEepaIBwiT8CDhP98umTetp+JNfQYBWvC1pc6/OAibuXtRcxZ58Qz8skvEHYvURne/7R8T5VoOI7rDsEUA==

throttle-debounce@^3.0.1:
  version "3.0.1"
  resolved "https://r2.cnpmjs.org/throttle-debounce/-/throttle-debounce-3.0.1.tgz#32f94d84dfa894f786c9a1f290e7a645b6a19abb"
  integrity sha512-dTEWWNu6JmeVXY0ZYoPuH5cRIwc0MeGbJwah9KUNYSJwommQpCzTySTpEe8Gs1J23aeWEuAobe4Ag7EHVt/LOg==

utools-api-types@^2.0.3:
  version "2.6.4"
  resolved "https://r.cnpmjs.org/utools-api-types/-/utools-api-types-2.6.4.tgz#56c08e94e4af85f179a2eb95f9cb42f029e6c33f"
  integrity sha512-pJuGvjSScwePuc6F/PVtL6DSCm+XzF78CBKxFUU82FON4vB8MGDXPCp6Y/25T/ndKyiyFj1zCR8ObyxtdikzPg==

utools-helper@^2.2.0:
  version "2.2.0"
  resolved "https://r.cnpmjs.org/utools-helper/-/utools-helper-2.2.0.tgz#212925d33f65c8f19fd70353c0a4677090a74eea"
  integrity sha512-EnyxkRg35ajuK4GglxuL+bFUAwGv7gRZdnsC2zg5m4stFlxc7S+i5boLkA3IIiOKvBKvFi94BA+bLrnJ1x6saA==
  dependencies:
    throttle-debounce "^3.0.1"
